<Solution>
  <Folder Name="/docs/">
    <File Path="README.md" />
  </Folder>
  <Project Path="Chapter03/Chapter03.csproj" />
  <Project Path="Chapter04/Chapter04.csproj" />
  <Project Path="Chapter05/Chapter05.csproj" />
  <Project Path="Chapter06/MyLearning.Chapter06.csproj" />
  <Project Path="Data/MyLearning.Data.csproj" />
</Solution>
